// !$*UTF8*$!
{
	archiveVersion = 1;
	classes = {
	};
	objectVersion = 46;
	objects = {

/* Begin PBXBuildFile section */
		OBJ_100 /* Color+RandomKit.swift in Sources */ = {isa = PBXBuildFile; fileRef = OBJ_23 /* Color+RandomKit.swift */; };
		OBJ_101 /* Date+RandomKit.swift in Sources */ = {isa = PBXBuildFile; fileRef = OBJ_24 /* Date+RandomKit.swift */; };
		OBJ_102 /* Decimal+RandomKit.swift in Sources */ = {isa = PBXBuildFile; fileRef = OBJ_25 /* Decimal+RandomKit.swift */; };
		OBJ_103 /* NSArray+RandomKit.swift in Sources */ = {isa = PBXBuildFile; fileRef = OBJ_26 /* NSArray+RandomKit.swift */; };
		OBJ_104 /* NSNumber+RandomKit.swift in Sources */ = {isa = PBXBuildFile; fileRef = OBJ_27 /* NSNumber+RandomKit.swift */; };
		OBJ_105 /* Array+RandomKit.swift in Sources */ = {isa = PBXBuildFile; fileRef = OBJ_29 /* Array+RandomKit.swift */; };
		OBJ_106 /* Bool+RandomKit.swift in Sources */ = {isa = PBXBuildFile; fileRef = OBJ_30 /* Bool+RandomKit.swift */; };
		OBJ_107 /* Character+RandomKit.swift in Sources */ = {isa = PBXBuildFile; fileRef = OBJ_31 /* Character+RandomKit.swift */; };
		OBJ_108 /* Collection+RandomKit.swift in Sources */ = {isa = PBXBuildFile; fileRef = OBJ_32 /* Collection+RandomKit.swift */; };
		OBJ_109 /* Dictionary+RandomKit.swift in Sources */ = {isa = PBXBuildFile; fileRef = OBJ_33 /* Dictionary+RandomKit.swift */; };
		OBJ_110 /* FloatingPoint+RandomKit.swift in Sources */ = {isa = PBXBuildFile; fileRef = OBJ_34 /* FloatingPoint+RandomKit.swift */; };
		OBJ_111 /* Integer+RandomKit.swift in Sources */ = {isa = PBXBuildFile; fileRef = OBJ_35 /* Integer+RandomKit.swift */; };
		OBJ_112 /* Range+RandomKit.swift in Sources */ = {isa = PBXBuildFile; fileRef = OBJ_36 /* Range+RandomKit.swift */; };
		OBJ_113 /* Set+RandomKit.swift in Sources */ = {isa = PBXBuildFile; fileRef = OBJ_37 /* Set+RandomKit.swift */; };
		OBJ_114 /* Strideable+RandomKit.swift in Sources */ = {isa = PBXBuildFile; fileRef = OBJ_38 /* Strideable+RandomKit.swift */; };
		OBJ_115 /* String+RandomKit.swift in Sources */ = {isa = PBXBuildFile; fileRef = OBJ_39 /* String+RandomKit.swift */; };
		OBJ_116 /* UnicodeScalar+RandomKit.swift in Sources */ = {isa = PBXBuildFile; fileRef = OBJ_40 /* UnicodeScalar+RandomKit.swift */; };
		OBJ_117 /* RandomTuple.swift in Sources */ = {isa = PBXBuildFile; fileRef = OBJ_42 /* RandomTuple.swift */; };
		OBJ_118 /* StackArray.swift in Sources */ = {isa = PBXBuildFile; fileRef = OBJ_44 /* StackArray.swift */; };
		OBJ_119 /* Typecasting.swift in Sources */ = {isa = PBXBuildFile; fileRef = OBJ_45 /* Typecasting.swift */; };
		OBJ_120 /* Random.swift in Sources */ = {isa = PBXBuildFile; fileRef = OBJ_47 /* Random.swift */; };
		OBJ_121 /* RandomEnum.swift in Sources */ = {isa = PBXBuildFile; fileRef = OBJ_48 /* RandomEnum.swift */; };
		OBJ_122 /* ARC4Random.swift in Sources */ = {isa = PBXBuildFile; fileRef = OBJ_50 /* ARC4Random.swift */; };
		OBJ_123 /* ChaCha.swift in Sources */ = {isa = PBXBuildFile; fileRef = OBJ_51 /* ChaCha.swift */; };
		OBJ_124 /* DeviceRandom.swift in Sources */ = {isa = PBXBuildFile; fileRef = OBJ_52 /* DeviceRandom.swift */; };
		OBJ_125 /* MersenneTwister.swift in Sources */ = {isa = PBXBuildFile; fileRef = OBJ_53 /* MersenneTwister.swift */; };
		OBJ_126 /* RandomBytesGenerator.swift in Sources */ = {isa = PBXBuildFile; fileRef = OBJ_54 /* RandomBytesGenerator.swift */; };
		OBJ_127 /* RandomGenerator.swift in Sources */ = {isa = PBXBuildFile; fileRef = OBJ_55 /* RandomGenerator.swift */; };
		OBJ_128 /* ReseedingRandomGenerator.swift in Sources */ = {isa = PBXBuildFile; fileRef = OBJ_56 /* ReseedingRandomGenerator.swift */; };
		OBJ_129 /* Seedable.swift in Sources */ = {isa = PBXBuildFile; fileRef = OBJ_57 /* Seedable.swift */; };
		OBJ_130 /* ThreadLocal.swift in Sources */ = {isa = PBXBuildFile; fileRef = OBJ_58 /* ThreadLocal.swift */; };
		OBJ_131 /* Xoroshiro.swift in Sources */ = {isa = PBXBuildFile; fileRef = OBJ_59 /* Xoroshiro.swift */; };
		OBJ_132 /* Xorshift.swift in Sources */ = {isa = PBXBuildFile; fileRef = OBJ_60 /* Xorshift.swift */; };
		OBJ_133 /* XorshiftStar.swift in Sources */ = {isa = PBXBuildFile; fileRef = OBJ_61 /* XorshiftStar.swift */; };
		OBJ_134 /* RandomInClosedRange.swift in Sources */ = {isa = PBXBuildFile; fileRef = OBJ_62 /* RandomInClosedRange.swift */; };
		OBJ_135 /* RandomInRange.swift in Sources */ = {isa = PBXBuildFile; fileRef = OBJ_63 /* RandomInRange.swift */; };
		OBJ_136 /* RandomRawRepresentable.swift in Sources */ = {isa = PBXBuildFile; fileRef = OBJ_64 /* RandomRawRepresentable.swift */; };
		OBJ_137 /* RandomRetrievable.swift in Sources */ = {isa = PBXBuildFile; fileRef = OBJ_65 /* RandomRetrievable.swift */; };
		OBJ_138 /* RandomThroughValue.swift in Sources */ = {isa = PBXBuildFile; fileRef = OBJ_66 /* RandomThroughValue.swift */; };
		OBJ_139 /* RandomToValue.swift in Sources */ = {isa = PBXBuildFile; fileRef = OBJ_67 /* RandomToValue.swift */; };
		OBJ_140 /* RandomWithAll.swift in Sources */ = {isa = PBXBuildFile; fileRef = OBJ_68 /* RandomWithAll.swift */; };
		OBJ_141 /* RandomWithExactWidth.swift in Sources */ = {isa = PBXBuildFile; fileRef = OBJ_69 /* RandomWithExactWidth.swift */; };
		OBJ_142 /* RandomWithMax.swift in Sources */ = {isa = PBXBuildFile; fileRef = OBJ_70 /* RandomWithMax.swift */; };
		OBJ_143 /* RandomWithMaxWidth.swift in Sources */ = {isa = PBXBuildFile; fileRef = OBJ_71 /* RandomWithMaxWidth.swift */; };
		OBJ_144 /* RandomWithMin.swift in Sources */ = {isa = PBXBuildFile; fileRef = OBJ_72 /* RandomWithMin.swift */; };
		OBJ_145 /* Shuffleable.swift in Sources */ = {isa = PBXBuildFile; fileRef = OBJ_73 /* Shuffleable.swift */; };
		OBJ_146 /* Trivial.swift in Sources */ = {isa = PBXBuildFile; fileRef = OBJ_74 /* Trivial.swift */; };
		OBJ_147 /* UniqueShuffleable.swift in Sources */ = {isa = PBXBuildFile; fileRef = OBJ_75 /* UniqueShuffleable.swift */; };
		OBJ_148 /* UnsafeRandom.swift in Sources */ = {isa = PBXBuildFile; fileRef = OBJ_76 /* UnsafeRandom.swift */; };
		OBJ_150 /* Threadly.framework in Frameworks */ = {isa = PBXBuildFile; fileRef = "Threadly::Threadly::Product" /* Threadly.framework */; };
		OBJ_158 /* Package.swift in Sources */ = {isa = PBXBuildFile; fileRef = OBJ_6 /* Package.swift */; };
		OBJ_163 /* Box.swift in Sources */ = {isa = PBXBuildFile; fileRef = OBJ_84 /* Box.swift */; };
		OBJ_164 /* ThreadLocal.swift in Sources */ = {isa = PBXBuildFile; fileRef = OBJ_85 /* ThreadLocal.swift */; };
		OBJ_171 /* Package.swift in Sources */ = {isa = PBXBuildFile; fileRef = OBJ_83 /* Package.swift */; };
		OBJ_177 /* Benchmark.swift in Sources */ = {isa = PBXBuildFile; fileRef = OBJ_9 /* Benchmark.swift */; };
		OBJ_178 /* Extensions.swift in Sources */ = {isa = PBXBuildFile; fileRef = OBJ_10 /* Extensions.swift */; };
		OBJ_179 /* Help.swift in Sources */ = {isa = PBXBuildFile; fileRef = OBJ_11 /* Help.swift */; };
		OBJ_180 /* Style.swift in Sources */ = {isa = PBXBuildFile; fileRef = OBJ_12 /* Style.swift */; };
		OBJ_181 /* main.swift in Sources */ = {isa = PBXBuildFile; fileRef = OBJ_13 /* main.swift */; };
		OBJ_183 /* RandomKit.framework in Frameworks */ = {isa = PBXBuildFile; fileRef = "RandomKit::RandomKit::Product" /* RandomKit.framework */; };
		OBJ_184 /* Threadly.framework in Frameworks */ = {isa = PBXBuildFile; fileRef = "Threadly::Threadly::Product" /* Threadly.framework */; };
		OBJ_95 /* CGFloat+RandomKit.swift in Sources */ = {isa = PBXBuildFile; fileRef = OBJ_17 /* CGFloat+RandomKit.swift */; };
		OBJ_96 /* CGPoint+RandomKit.swift in Sources */ = {isa = PBXBuildFile; fileRef = OBJ_18 /* CGPoint+RandomKit.swift */; };
		OBJ_97 /* CGRect+RandomKit.swift in Sources */ = {isa = PBXBuildFile; fileRef = OBJ_19 /* CGRect+RandomKit.swift */; };
		OBJ_98 /* CGSize+RandomKit.swift in Sources */ = {isa = PBXBuildFile; fileRef = OBJ_20 /* CGSize+RandomKit.swift */; };
		OBJ_99 /* CGVector+RandomKit.swift in Sources */ = {isa = PBXBuildFile; fileRef = OBJ_21 /* CGVector+RandomKit.swift */; };
/* End PBXBuildFile section */

/* Begin PBXContainerItemProxy section */
		8FDE9F412150DB7400FA0823 /* PBXContainerItemProxy */ = {
			isa = PBXContainerItemProxy;
			containerPortal = OBJ_1 /* Project object */;
			proxyType = 1;
			remoteGlobalIDString = "RandomKit::RandomKit";
			remoteInfo = RandomKit;
		};
		8FDE9F422150DB7400FA0823 /* PBXContainerItemProxy */ = {
			isa = PBXContainerItemProxy;
			containerPortal = OBJ_1 /* Project object */;
			proxyType = 1;
			remoteGlobalIDString = "Threadly::Threadly";
			remoteInfo = Threadly;
		};
		8FDE9F432150DB7400FA0823 /* PBXContainerItemProxy */ = {
			isa = PBXContainerItemProxy;
			containerPortal = OBJ_1 /* Project object */;
			proxyType = 1;
			remoteGlobalIDString = "Threadly::Threadly";
			remoteInfo = Threadly;
		};
/* End PBXContainerItemProxy section */

/* Begin PBXFileReference section */
		OBJ_10 /* Extensions.swift */ = {isa = PBXFileReference; lastKnownFileType = sourcecode.swift; path = Extensions.swift; sourceTree = "<group>"; };
		OBJ_11 /* Help.swift */ = {isa = PBXFileReference; lastKnownFileType = sourcecode.swift; path = Help.swift; sourceTree = "<group>"; };
		OBJ_12 /* Style.swift */ = {isa = PBXFileReference; lastKnownFileType = sourcecode.swift; path = Style.swift; sourceTree = "<group>"; };
		OBJ_13 /* main.swift */ = {isa = PBXFileReference; lastKnownFileType = sourcecode.swift; path = main.swift; sourceTree = "<group>"; };
		OBJ_17 /* CGFloat+RandomKit.swift */ = {isa = PBXFileReference; lastKnownFileType = sourcecode.swift; path = "CGFloat+RandomKit.swift"; sourceTree = "<group>"; };
		OBJ_18 /* CGPoint+RandomKit.swift */ = {isa = PBXFileReference; lastKnownFileType = sourcecode.swift; path = "CGPoint+RandomKit.swift"; sourceTree = "<group>"; };
		OBJ_19 /* CGRect+RandomKit.swift */ = {isa = PBXFileReference; lastKnownFileType = sourcecode.swift; path = "CGRect+RandomKit.swift"; sourceTree = "<group>"; };
		OBJ_20 /* CGSize+RandomKit.swift */ = {isa = PBXFileReference; lastKnownFileType = sourcecode.swift; path = "CGSize+RandomKit.swift"; sourceTree = "<group>"; };
		OBJ_21 /* CGVector+RandomKit.swift */ = {isa = PBXFileReference; lastKnownFileType = sourcecode.swift; path = "CGVector+RandomKit.swift"; sourceTree = "<group>"; };
		OBJ_23 /* Color+RandomKit.swift */ = {isa = PBXFileReference; lastKnownFileType = sourcecode.swift; path = "Color+RandomKit.swift"; sourceTree = "<group>"; };
		OBJ_24 /* Date+RandomKit.swift */ = {isa = PBXFileReference; lastKnownFileType = sourcecode.swift; path = "Date+RandomKit.swift"; sourceTree = "<group>"; };
		OBJ_25 /* Decimal+RandomKit.swift */ = {isa = PBXFileReference; lastKnownFileType = sourcecode.swift; path = "Decimal+RandomKit.swift"; sourceTree = "<group>"; };
		OBJ_26 /* NSArray+RandomKit.swift */ = {isa = PBXFileReference; lastKnownFileType = sourcecode.swift; path = "NSArray+RandomKit.swift"; sourceTree = "<group>"; };
		OBJ_27 /* NSNumber+RandomKit.swift */ = {isa = PBXFileReference; lastKnownFileType = sourcecode.swift; path = "NSNumber+RandomKit.swift"; sourceTree = "<group>"; };
		OBJ_29 /* Array+RandomKit.swift */ = {isa = PBXFileReference; lastKnownFileType = sourcecode.swift; path = "Array+RandomKit.swift"; sourceTree = "<group>"; };
		OBJ_30 /* Bool+RandomKit.swift */ = {isa = PBXFileReference; lastKnownFileType = sourcecode.swift; path = "Bool+RandomKit.swift"; sourceTree = "<group>"; };
		OBJ_31 /* Character+RandomKit.swift */ = {isa = PBXFileReference; lastKnownFileType = sourcecode.swift; path = "Character+RandomKit.swift"; sourceTree = "<group>"; };
		OBJ_32 /* Collection+RandomKit.swift */ = {isa = PBXFileReference; lastKnownFileType = sourcecode.swift; path = "Collection+RandomKit.swift"; sourceTree = "<group>"; };
		OBJ_33 /* Dictionary+RandomKit.swift */ = {isa = PBXFileReference; lastKnownFileType = sourcecode.swift; path = "Dictionary+RandomKit.swift"; sourceTree = "<group>"; };
		OBJ_34 /* FloatingPoint+RandomKit.swift */ = {isa = PBXFileReference; lastKnownFileType = sourcecode.swift; path = "FloatingPoint+RandomKit.swift"; sourceTree = "<group>"; };
		OBJ_35 /* Integer+RandomKit.swift */ = {isa = PBXFileReference; lastKnownFileType = sourcecode.swift; path = "Integer+RandomKit.swift"; sourceTree = "<group>"; };
		OBJ_36 /* Range+RandomKit.swift */ = {isa = PBXFileReference; lastKnownFileType = sourcecode.swift; path = "Range+RandomKit.swift"; sourceTree = "<group>"; };
		OBJ_37 /* Set+RandomKit.swift */ = {isa = PBXFileReference; lastKnownFileType = sourcecode.swift; path = "Set+RandomKit.swift"; sourceTree = "<group>"; };
		OBJ_38 /* Strideable+RandomKit.swift */ = {isa = PBXFileReference; lastKnownFileType = sourcecode.swift; path = "Strideable+RandomKit.swift"; sourceTree = "<group>"; };
		OBJ_39 /* String+RandomKit.swift */ = {isa = PBXFileReference; lastKnownFileType = sourcecode.swift; path = "String+RandomKit.swift"; sourceTree = "<group>"; };
		OBJ_40 /* UnicodeScalar+RandomKit.swift */ = {isa = PBXFileReference; lastKnownFileType = sourcecode.swift; path = "UnicodeScalar+RandomKit.swift"; sourceTree = "<group>"; };
		OBJ_42 /* RandomTuple.swift */ = {isa = PBXFileReference; lastKnownFileType = sourcecode.swift; path = RandomTuple.swift; sourceTree = "<group>"; };
		OBJ_44 /* StackArray.swift */ = {isa = PBXFileReference; lastKnownFileType = sourcecode.swift; path = StackArray.swift; sourceTree = "<group>"; };
		OBJ_45 /* Typecasting.swift */ = {isa = PBXFileReference; lastKnownFileType = sourcecode.swift; path = Typecasting.swift; sourceTree = "<group>"; };
		OBJ_47 /* Random.swift */ = {isa = PBXFileReference; lastKnownFileType = sourcecode.swift; path = Random.swift; sourceTree = "<group>"; };
		OBJ_48 /* RandomEnum.swift */ = {isa = PBXFileReference; lastKnownFileType = sourcecode.swift; path = RandomEnum.swift; sourceTree = "<group>"; };
		OBJ_50 /* ARC4Random.swift */ = {isa = PBXFileReference; lastKnownFileType = sourcecode.swift; path = ARC4Random.swift; sourceTree = "<group>"; };
		OBJ_51 /* ChaCha.swift */ = {isa = PBXFileReference; lastKnownFileType = sourcecode.swift; path = ChaCha.swift; sourceTree = "<group>"; };
		OBJ_52 /* DeviceRandom.swift */ = {isa = PBXFileReference; lastKnownFileType = sourcecode.swift; path = DeviceRandom.swift; sourceTree = "<group>"; };
		OBJ_53 /* MersenneTwister.swift */ = {isa = PBXFileReference; lastKnownFileType = sourcecode.swift; path = MersenneTwister.swift; sourceTree = "<group>"; };
		OBJ_54 /* RandomBytesGenerator.swift */ = {isa = PBXFileReference; lastKnownFileType = sourcecode.swift; path = RandomBytesGenerator.swift; sourceTree = "<group>"; };
		OBJ_55 /* RandomGenerator.swift */ = {isa = PBXFileReference; lastKnownFileType = sourcecode.swift; path = RandomGenerator.swift; sourceTree = "<group>"; };
		OBJ_56 /* ReseedingRandomGenerator.swift */ = {isa = PBXFileReference; lastKnownFileType = sourcecode.swift; path = ReseedingRandomGenerator.swift; sourceTree = "<group>"; };
		OBJ_57 /* Seedable.swift */ = {isa = PBXFileReference; lastKnownFileType = sourcecode.swift; path = Seedable.swift; sourceTree = "<group>"; };
		OBJ_58 /* ThreadLocal.swift */ = {isa = PBXFileReference; lastKnownFileType = sourcecode.swift; path = ThreadLocal.swift; sourceTree = "<group>"; };
		OBJ_59 /* Xoroshiro.swift */ = {isa = PBXFileReference; lastKnownFileType = sourcecode.swift; path = Xoroshiro.swift; sourceTree = "<group>"; };
		OBJ_6 /* Package.swift */ = {isa = PBXFileReference; explicitFileType = sourcecode.swift; path = Package.swift; sourceTree = "<group>"; };
		OBJ_60 /* Xorshift.swift */ = {isa = PBXFileReference; lastKnownFileType = sourcecode.swift; path = Xorshift.swift; sourceTree = "<group>"; };
		OBJ_61 /* XorshiftStar.swift */ = {isa = PBXFileReference; lastKnownFileType = sourcecode.swift; path = XorshiftStar.swift; sourceTree = "<group>"; };
		OBJ_62 /* RandomInClosedRange.swift */ = {isa = PBXFileReference; lastKnownFileType = sourcecode.swift; path = RandomInClosedRange.swift; sourceTree = "<group>"; };
		OBJ_63 /* RandomInRange.swift */ = {isa = PBXFileReference; lastKnownFileType = sourcecode.swift; path = RandomInRange.swift; sourceTree = "<group>"; };
		OBJ_64 /* RandomRawRepresentable.swift */ = {isa = PBXFileReference; lastKnownFileType = sourcecode.swift; path = RandomRawRepresentable.swift; sourceTree = "<group>"; };
		OBJ_65 /* RandomRetrievable.swift */ = {isa = PBXFileReference; lastKnownFileType = sourcecode.swift; path = RandomRetrievable.swift; sourceTree = "<group>"; };
		OBJ_66 /* RandomThroughValue.swift */ = {isa = PBXFileReference; lastKnownFileType = sourcecode.swift; path = RandomThroughValue.swift; sourceTree = "<group>"; };
		OBJ_67 /* RandomToValue.swift */ = {isa = PBXFileReference; lastKnownFileType = sourcecode.swift; path = RandomToValue.swift; sourceTree = "<group>"; };
		OBJ_68 /* RandomWithAll.swift */ = {isa = PBXFileReference; lastKnownFileType = sourcecode.swift; path = RandomWithAll.swift; sourceTree = "<group>"; };
		OBJ_69 /* RandomWithExactWidth.swift */ = {isa = PBXFileReference; lastKnownFileType = sourcecode.swift; path = RandomWithExactWidth.swift; sourceTree = "<group>"; };
		OBJ_70 /* RandomWithMax.swift */ = {isa = PBXFileReference; lastKnownFileType = sourcecode.swift; path = RandomWithMax.swift; sourceTree = "<group>"; };
		OBJ_71 /* RandomWithMaxWidth.swift */ = {isa = PBXFileReference; lastKnownFileType = sourcecode.swift; path = RandomWithMaxWidth.swift; sourceTree = "<group>"; };
		OBJ_72 /* RandomWithMin.swift */ = {isa = PBXFileReference; lastKnownFileType = sourcecode.swift; path = RandomWithMin.swift; sourceTree = "<group>"; };
		OBJ_73 /* Shuffleable.swift */ = {isa = PBXFileReference; lastKnownFileType = sourcecode.swift; path = Shuffleable.swift; sourceTree = "<group>"; };
		OBJ_74 /* Trivial.swift */ = {isa = PBXFileReference; lastKnownFileType = sourcecode.swift; path = Trivial.swift; sourceTree = "<group>"; };
		OBJ_75 /* UniqueShuffleable.swift */ = {isa = PBXFileReference; lastKnownFileType = sourcecode.swift; path = UniqueShuffleable.swift; sourceTree = "<group>"; };
		OBJ_76 /* UnsafeRandom.swift */ = {isa = PBXFileReference; lastKnownFileType = sourcecode.swift; path = UnsafeRandom.swift; sourceTree = "<group>"; };
		OBJ_78 /* ci */ = {isa = PBXFileReference; lastKnownFileType = folder; path = ci; sourceTree = SOURCE_ROOT; };
		OBJ_79 /* Carthage */ = {isa = PBXFileReference; lastKnownFileType = folder; path = Carthage; sourceTree = SOURCE_ROOT; };
		OBJ_80 /* Support */ = {isa = PBXFileReference; lastKnownFileType = folder; path = Support; sourceTree = SOURCE_ROOT; };
		OBJ_83 /* Package.swift */ = {isa = PBXFileReference; explicitFileType = sourcecode.swift; name = Package.swift; path = "/Users/yifei/dev/Maai/RandomKit/.build/checkouts/Threadly.git--7900393065149768756/Package.swift"; sourceTree = "<group>"; };
		OBJ_84 /* Box.swift */ = {isa = PBXFileReference; lastKnownFileType = sourcecode.swift; path = Box.swift; sourceTree = "<group>"; };
		OBJ_85 /* ThreadLocal.swift */ = {isa = PBXFileReference; lastKnownFileType = sourcecode.swift; path = ThreadLocal.swift; sourceTree = "<group>"; };
		OBJ_9 /* Benchmark.swift */ = {isa = PBXFileReference; lastKnownFileType = sourcecode.swift; path = Benchmark.swift; sourceTree = "<group>"; };
		"RandomKit::RandomKit::Product" /* RandomKit.framework */ = {isa = PBXFileReference; lastKnownFileType = wrapper.framework; path = RandomKit.framework; sourceTree = BUILT_PRODUCTS_DIR; };
		"RandomKit::benchmark::Product" /* benchmark */ = {isa = PBXFileReference; lastKnownFileType = text; path = benchmark; sourceTree = BUILT_PRODUCTS_DIR; };
		"Threadly::Threadly::Product" /* Threadly.framework */ = {isa = PBXFileReference; lastKnownFileType = wrapper.framework; path = Threadly.framework; sourceTree = BUILT_PRODUCTS_DIR; };
/* End PBXFileReference section */

/* Begin PBXFrameworksBuildPhase section */
		OBJ_149 /* Frameworks */ = {
			isa = PBXFrameworksBuildPhase;
			buildActionMask = 0;
			files = (
				OBJ_150 /* Threadly.framework in Frameworks */,
			);
			runOnlyForDeploymentPostprocessing = 0;
		};
		OBJ_165 /* Frameworks */ = {
			isa = PBXFrameworksBuildPhase;
			buildActionMask = 0;
			files = (
			);
			runOnlyForDeploymentPostprocessing = 0;
		};
		OBJ_182 /* Frameworks */ = {
			isa = PBXFrameworksBuildPhase;
			buildActionMask = 0;
			files = (
				OBJ_183 /* RandomKit.framework in Frameworks */,
				OBJ_184 /* Threadly.framework in Frameworks */,
			);
			runOnlyForDeploymentPostprocessing = 0;
		};
/* End PBXFrameworksBuildPhase section */

/* Begin PBXGroup section */
		OBJ_14 /* RandomKit */ = {
			isa = PBXGroup;
			children = (
				OBJ_15 /* Extensions */,
				OBJ_41 /* Functions */,
				OBJ_43 /* Internal */,
				OBJ_46 /* Types */,
			);
			name = RandomKit;
			path = Sources/RandomKit;
			sourceTree = SOURCE_ROOT;
		};
		OBJ_15 /* Extensions */ = {
			isa = PBXGroup;
			children = (
				OBJ_16 /* CoreGraphics */,
				OBJ_22 /* Foundation */,
				OBJ_28 /* Swift */,
			);
			path = Extensions;
			sourceTree = "<group>";
		};
		OBJ_16 /* CoreGraphics */ = {
			isa = PBXGroup;
			children = (
				OBJ_17 /* CGFloat+RandomKit.swift */,
				OBJ_18 /* CGPoint+RandomKit.swift */,
				OBJ_19 /* CGRect+RandomKit.swift */,
				OBJ_20 /* CGSize+RandomKit.swift */,
				OBJ_21 /* CGVector+RandomKit.swift */,
			);
			path = CoreGraphics;
			sourceTree = "<group>";
		};
		OBJ_22 /* Foundation */ = {
			isa = PBXGroup;
			children = (
				OBJ_23 /* Color+RandomKit.swift */,
				OBJ_24 /* Date+RandomKit.swift */,
				OBJ_25 /* Decimal+RandomKit.swift */,
				OBJ_26 /* NSArray+RandomKit.swift */,
				OBJ_27 /* NSNumber+RandomKit.swift */,
			);
			path = Foundation;
			sourceTree = "<group>";
		};
		OBJ_28 /* Swift */ = {
			isa = PBXGroup;
			children = (
				OBJ_29 /* Array+RandomKit.swift */,
				OBJ_30 /* Bool+RandomKit.swift */,
				OBJ_31 /* Character+RandomKit.swift */,
				OBJ_32 /* Collection+RandomKit.swift */,
				OBJ_33 /* Dictionary+RandomKit.swift */,
				OBJ_34 /* FloatingPoint+RandomKit.swift */,
				OBJ_35 /* Integer+RandomKit.swift */,
				OBJ_36 /* Range+RandomKit.swift */,
				OBJ_37 /* Set+RandomKit.swift */,
				OBJ_38 /* Strideable+RandomKit.swift */,
				OBJ_39 /* String+RandomKit.swift */,
				OBJ_40 /* UnicodeScalar+RandomKit.swift */,
			);
			path = Swift;
			sourceTree = "<group>";
		};
		OBJ_41 /* Functions */ = {
			isa = PBXGroup;
			children = (
				OBJ_42 /* RandomTuple.swift */,
			);
			path = Functions;
			sourceTree = "<group>";
		};
		OBJ_43 /* Internal */ = {
			isa = PBXGroup;
			children = (
				OBJ_44 /* StackArray.swift */,
				OBJ_45 /* Typecasting.swift */,
			);
			path = Internal;
			sourceTree = "<group>";
		};
		OBJ_46 /* Types */ = {
			isa = PBXGroup;
			children = (
				OBJ_47 /* Random.swift */,
				OBJ_48 /* RandomEnum.swift */,
				OBJ_49 /* RandomGenerator */,
				OBJ_62 /* RandomInClosedRange.swift */,
				OBJ_63 /* RandomInRange.swift */,
				OBJ_64 /* RandomRawRepresentable.swift */,
				OBJ_65 /* RandomRetrievable.swift */,
				OBJ_66 /* RandomThroughValue.swift */,
				OBJ_67 /* RandomToValue.swift */,
				OBJ_68 /* RandomWithAll.swift */,
				OBJ_69 /* RandomWithExactWidth.swift */,
				OBJ_70 /* RandomWithMax.swift */,
				OBJ_71 /* RandomWithMaxWidth.swift */,
				OBJ_72 /* RandomWithMin.swift */,
				OBJ_73 /* Shuffleable.swift */,
				OBJ_74 /* Trivial.swift */,
				OBJ_75 /* UniqueShuffleable.swift */,
				OBJ_76 /* UnsafeRandom.swift */,
			);
			path = Types;
			sourceTree = "<group>";
		};
		OBJ_49 /* RandomGenerator */ = {
			isa = PBXGroup;
			children = (
				OBJ_50 /* ARC4Random.swift */,
				OBJ_51 /* ChaCha.swift */,
				OBJ_52 /* DeviceRandom.swift */,
				OBJ_53 /* MersenneTwister.swift */,
				OBJ_54 /* RandomBytesGenerator.swift */,
				OBJ_55 /* RandomGenerator.swift */,
				OBJ_56 /* ReseedingRandomGenerator.swift */,
				OBJ_57 /* Seedable.swift */,
				OBJ_58 /* ThreadLocal.swift */,
				OBJ_59 /* Xoroshiro.swift */,
				OBJ_60 /* Xorshift.swift */,
				OBJ_61 /* XorshiftStar.swift */,
			);
			path = RandomGenerator;
			sourceTree = "<group>";
		};
		OBJ_5 /*  */ = {
			isa = PBXGroup;
			children = (
				OBJ_6 /* Package.swift */,
				OBJ_7 /* Sources */,
				OBJ_77 /* Tests */,
				OBJ_78 /* ci */,
				OBJ_79 /* Carthage */,
				OBJ_80 /* Support */,
				OBJ_81 /* Dependencies */,
				OBJ_86 /* Products */,
			);
			name = "";
			sourceTree = "<group>";
		};
		OBJ_7 /* Sources */ = {
			isa = PBXGroup;
			children = (
				OBJ_8 /* benchmark */,
				OBJ_14 /* RandomKit */,
			);
			name = Sources;
			sourceTree = SOURCE_ROOT;
		};
		OBJ_77 /* Tests */ = {
			isa = PBXGroup;
			children = (
			);
			name = Tests;
			sourceTree = SOURCE_ROOT;
		};
		OBJ_8 /* benchmark */ = {
			isa = PBXGroup;
			children = (
				OBJ_9 /* Benchmark.swift */,
				OBJ_10 /* Extensions.swift */,
				OBJ_11 /* Help.swift */,
				OBJ_12 /* Style.swift */,
				OBJ_13 /* main.swift */,
			);
			name = benchmark;
			path = Sources/benchmark;
			sourceTree = SOURCE_ROOT;
		};
		OBJ_81 /* Dependencies */ = {
			isa = PBXGroup;
			children = (
				OBJ_82 /* Threadly 1.2.0 */,
			);
			name = Dependencies;
			sourceTree = "<group>";
		};
		OBJ_82 /* Threadly 1.2.0 */ = {
			isa = PBXGroup;
			children = (
				OBJ_83 /* Package.swift */,
				OBJ_84 /* Box.swift */,
				OBJ_85 /* ThreadLocal.swift */,
			);
			name = "Threadly 1.2.0";
			path = ".build/checkouts/Threadly.git--7900393065149768756/Sources";
			sourceTree = SOURCE_ROOT;
		};
		OBJ_86 /* Products */ = {
			isa = PBXGroup;
			children = (
				"RandomKit::benchmark::Product" /* benchmark */,
				"RandomKit::RandomKit::Product" /* RandomKit.framework */,
				"Threadly::Threadly::Product" /* Threadly.framework */,
			);
			name = Products;
			sourceTree = BUILT_PRODUCTS_DIR;
		};
/* End PBXGroup section */

/* Begin PBXNativeTarget section */
		"RandomKit::RandomKit" /* RandomKit */ = {
			isa = PBXNativeTarget;
			buildConfigurationList = OBJ_91 /* Build configuration list for PBXNativeTarget "RandomKit" */;
			buildPhases = (
				OBJ_94 /* Sources */,
				OBJ_149 /* Frameworks */,
			);
			buildRules = (
			);
			dependencies = (
				OBJ_151 /* PBXTargetDependency */,
			);
			name = RandomKit;
			productName = RandomKit;
			productReference = "RandomKit::RandomKit::Product" /* RandomKit.framework */;
			productType = "com.apple.product-type.framework";
		};
		"RandomKit::SwiftPMPackageDescription" /* RandomKitPackageDescription */ = {
			isa = PBXNativeTarget;
			buildConfigurationList = OBJ_154 /* Build configuration list for PBXNativeTarget "RandomKitPackageDescription" */;
			buildPhases = (
				OBJ_157 /* Sources */,
			);
			buildRules = (
			);
			dependencies = (
			);
			name = RandomKitPackageDescription;
			productName = RandomKitPackageDescription;
			productType = "com.apple.product-type.framework";
		};
		"RandomKit::benchmark" /* benchmark */ = {
			isa = PBXNativeTarget;
			buildConfigurationList = OBJ_173 /* Build configuration list for PBXNativeTarget "benchmark" */;
			buildPhases = (
				OBJ_176 /* Sources */,
				OBJ_182 /* Frameworks */,
			);
			buildRules = (
			);
			dependencies = (
				OBJ_185 /* PBXTargetDependency */,
				OBJ_186 /* PBXTargetDependency */,
			);
			name = benchmark;
			productName = benchmark;
			productReference = "RandomKit::benchmark::Product" /* benchmark */;
			productType = "com.apple.product-type.tool";
		};
		"Threadly::SwiftPMPackageDescription" /* ThreadlyPackageDescription */ = {
			isa = PBXNativeTarget;
			buildConfigurationList = OBJ_167 /* Build configuration list for PBXNativeTarget "ThreadlyPackageDescription" */;
			buildPhases = (
				OBJ_170 /* Sources */,
			);
			buildRules = (
			);
			dependencies = (
			);
			name = ThreadlyPackageDescription;
			productName = ThreadlyPackageDescription;
			productType = "com.apple.product-type.framework";
		};
		"Threadly::Threadly" /* Threadly */ = {
			isa = PBXNativeTarget;
			buildConfigurationList = OBJ_159 /* Build configuration list for PBXNativeTarget "Threadly" */;
			buildPhases = (
				OBJ_162 /* Sources */,
				OBJ_165 /* Frameworks */,
			);
			buildRules = (
			);
			dependencies = (
			);
			name = Threadly;
			productName = Threadly;
			productReference = "Threadly::Threadly::Product" /* Threadly.framework */;
			productType = "com.apple.product-type.framework";
		};
/* End PBXNativeTarget section */

/* Begin PBXProject section */
		OBJ_1 /* Project object */ = {
			isa = PBXProject;
			attributes = {
				LastUpgradeCheck = 1000;
				TargetAttributes = {
					"Threadly::Threadly" = {
						LastSwiftMigration = 1000;
					};
				};
			};
			buildConfigurationList = OBJ_2 /* Build configuration list for PBXProject "RandomKit" */;
			compatibilityVersion = "Xcode 3.2";
			developmentRegion = English;
			hasScannedForEncodings = 0;
			knownRegions = (
				en,
			);
			mainGroup = OBJ_5 /*  */;
			productRefGroup = OBJ_86 /* Products */;
			projectDirPath = "";
			projectRoot = "";
			targets = (
				"RandomKit::RandomKit" /* RandomKit */,
				"RandomKit::SwiftPMPackageDescription" /* RandomKitPackageDescription */,
				"Threadly::Threadly" /* Threadly */,
				"Threadly::SwiftPMPackageDescription" /* ThreadlyPackageDescription */,
				"RandomKit::benchmark" /* benchmark */,
			);
		};
/* End PBXProject section */

/* Begin PBXSourcesBuildPhase section */
		OBJ_157 /* Sources */ = {
			isa = PBXSourcesBuildPhase;
			buildActionMask = 0;
			files = (
				OBJ_158 /* Package.swift in Sources */,
			);
			runOnlyForDeploymentPostprocessing = 0;
		};
		OBJ_162 /* Sources */ = {
			isa = PBXSourcesBuildPhase;
			buildActionMask = 0;
			files = (
				OBJ_163 /* Box.swift in Sources */,
				OBJ_164 /* ThreadLocal.swift in Sources */,
			);
			runOnlyForDeploymentPostprocessing = 0;
		};
		OBJ_170 /* Sources */ = {
			isa = PBXSourcesBuildPhase;
			buildActionMask = 0;
			files = (
				OBJ_171 /* Package.swift in Sources */,
			);
			runOnlyForDeploymentPostprocessing = 0;
		};
		OBJ_176 /* Sources */ = {
			isa = PBXSourcesBuildPhase;
			buildActionMask = 0;
			files = (
				OBJ_177 /* Benchmark.swift in Sources */,
				OBJ_178 /* Extensions.swift in Sources */,
				OBJ_179 /* Help.swift in Sources */,
				OBJ_180 /* Style.swift in Sources */,
				OBJ_181 /* main.swift in Sources */,
			);
			runOnlyForDeploymentPostprocessing = 0;
		};
		OBJ_94 /* Sources */ = {
			isa = PBXSourcesBuildPhase;
			buildActionMask = 0;
			files = (
				OBJ_95 /* CGFloat+RandomKit.swift in Sources */,
				OBJ_96 /* CGPoint+RandomKit.swift in Sources */,
				OBJ_97 /* CGRect+RandomKit.swift in Sources */,
				OBJ_98 /* CGSize+RandomKit.swift in Sources */,
				OBJ_99 /* CGVector+RandomKit.swift in Sources */,
				OBJ_100 /* Color+RandomKit.swift in Sources */,
				OBJ_101 /* Date+RandomKit.swift in Sources */,
				OBJ_102 /* Decimal+RandomKit.swift in Sources */,
				OBJ_103 /* NSArray+RandomKit.swift in Sources */,
				OBJ_104 /* NSNumber+RandomKit.swift in Sources */,
				OBJ_105 /* Array+RandomKit.swift in Sources */,
				OBJ_106 /* Bool+RandomKit.swift in Sources */,
				OBJ_107 /* Character+RandomKit.swift in Sources */,
				OBJ_108 /* Collection+RandomKit.swift in Sources */,
				OBJ_109 /* Dictionary+RandomKit.swift in Sources */,
				OBJ_110 /* FloatingPoint+RandomKit.swift in Sources */,
				OBJ_111 /* Integer+RandomKit.swift in Sources */,
				OBJ_112 /* Range+RandomKit.swift in Sources */,
				OBJ_113 /* Set+RandomKit.swift in Sources */,
				OBJ_114 /* Strideable+RandomKit.swift in Sources */,
				OBJ_115 /* String+RandomKit.swift in Sources */,
				OBJ_116 /* UnicodeScalar+RandomKit.swift in Sources */,
				OBJ_117 /* RandomTuple.swift in Sources */,
				OBJ_118 /* StackArray.swift in Sources */,
				OBJ_119 /* Typecasting.swift in Sources */,
				OBJ_120 /* Random.swift in Sources */,
				OBJ_121 /* RandomEnum.swift in Sources */,
				OBJ_122 /* ARC4Random.swift in Sources */,
				OBJ_123 /* ChaCha.swift in Sources */,
				OBJ_124 /* DeviceRandom.swift in Sources */,
				OBJ_125 /* MersenneTwister.swift in Sources */,
				OBJ_126 /* RandomBytesGenerator.swift in Sources */,
				OBJ_127 /* RandomGenerator.swift in Sources */,
				OBJ_128 /* ReseedingRandomGenerator.swift in Sources */,
				OBJ_129 /* Seedable.swift in Sources */,
				OBJ_130 /* ThreadLocal.swift in Sources */,
				OBJ_131 /* Xoroshiro.swift in Sources */,
				OBJ_132 /* Xorshift.swift in Sources */,
				OBJ_133 /* XorshiftStar.swift in Sources */,
				OBJ_134 /* RandomInClosedRange.swift in Sources */,
				OBJ_135 /* RandomInRange.swift in Sources */,
				OBJ_136 /* RandomRawRepresentable.swift in Sources */,
				OBJ_137 /* RandomRetrievable.swift in Sources */,
				OBJ_138 /* RandomThroughValue.swift in Sources */,
				OBJ_139 /* RandomToValue.swift in Sources */,
				OBJ_140 /* RandomWithAll.swift in Sources */,
				OBJ_141 /* RandomWithExactWidth.swift in Sources */,
				OBJ_142 /* RandomWithMax.swift in Sources */,
				OBJ_143 /* RandomWithMaxWidth.swift in Sources */,
				OBJ_144 /* RandomWithMin.swift in Sources */,
				OBJ_145 /* Shuffleable.swift in Sources */,
				OBJ_146 /* Trivial.swift in Sources */,
				OBJ_147 /* UniqueShuffleable.swift in Sources */,
				OBJ_148 /* UnsafeRandom.swift in Sources */,
			);
			runOnlyForDeploymentPostprocessing = 0;
		};
/* End PBXSourcesBuildPhase section */

/* Begin PBXTargetDependency section */
		OBJ_151 /* PBXTargetDependency */ = {
			isa = PBXTargetDependency;
			target = "Threadly::Threadly" /* Threadly */;
			targetProxy = 8FDE9F422150DB7400FA0823 /* PBXContainerItemProxy */;
		};
		OBJ_185 /* PBXTargetDependency */ = {
			isa = PBXTargetDependency;
			target = "RandomKit::RandomKit" /* RandomKit */;
			targetProxy = 8FDE9F412150DB7400FA0823 /* PBXContainerItemProxy */;
		};
		OBJ_186 /* PBXTargetDependency */ = {
			isa = PBXTargetDependency;
			target = "Threadly::Threadly" /* Threadly */;
			targetProxy = 8FDE9F432150DB7400FA0823 /* PBXContainerItemProxy */;
		};
/* End PBXTargetDependency section */

/* Begin XCBuildConfiguration section */
		OBJ_155 /* Debug */ = {
			isa = XCBuildConfiguration;
			buildSettings = {
				LD = /usr/bin/true;
				OTHER_SWIFT_FLAGS = "-swift-version 4.2 -I $(TOOLCHAIN_DIR)/usr/lib/swift/pm/4_2 -target x86_64-apple-macosx10.10 -sdk /Applications/Xcode.app/Contents/Developer/Platforms/MacOSX.platform/Developer/SDKs/MacOSX10.14.sdk";
				SWIFT_VERSION = 4.2;
			};
			name = Debug;
		};
		OBJ_156 /* Release */ = {
			isa = XCBuildConfiguration;
			buildSettings = {
				LD = /usr/bin/true;
				OTHER_SWIFT_FLAGS = "-swift-version 4.2 -I $(TOOLCHAIN_DIR)/usr/lib/swift/pm/4_2 -target x86_64-apple-macosx10.10 -sdk /Applications/Xcode.app/Contents/Developer/Platforms/MacOSX.platform/Developer/SDKs/MacOSX10.14.sdk";
				SWIFT_VERSION = 4.2;
			};
			name = Release;
		};
		OBJ_160 /* Debug */ = {
			isa = XCBuildConfiguration;
			buildSettings = {
				ENABLE_TESTABILITY = YES;
				FRAMEWORK_SEARCH_PATHS = (
					"$(inherited)",
					"$(PLATFORM_DIR)/Developer/Library/Frameworks",
				);
				HEADER_SEARCH_PATHS = "$(inherited)";
				INFOPLIST_FILE = RandomKit.xcodeproj/Threadly_Info.plist;
				LD_RUNPATH_SEARCH_PATHS = "$(inherited) $(TOOLCHAIN_DIR)/usr/lib/swift/macosx";
				OTHER_CFLAGS = "$(inherited)";
				OTHER_LDFLAGS = "$(inherited)";
				OTHER_SWIFT_FLAGS = "$(inherited)";
				PRODUCT_BUNDLE_IDENTIFIER = Threadly;
				PRODUCT_MODULE_NAME = "$(TARGET_NAME:c99extidentifier)";
				PRODUCT_NAME = "$(TARGET_NAME:c99extidentifier)";
				SKIP_INSTALL = YES;
				SWIFT_ACTIVE_COMPILATION_CONDITIONS = "$(inherited)";
				SWIFT_VERSION = 4.0;
				TARGET_NAME = Threadly;
			};
			name = Debug;
		};
		OBJ_161 /* Release */ = {
			isa = XCBuildConfiguration;
			buildSettings = {
				ENABLE_TESTABILITY = YES;
				FRAMEWORK_SEARCH_PATHS = (
					"$(inherited)",
					"$(PLATFORM_DIR)/Developer/Library/Frameworks",
				);
				HEADER_SEARCH_PATHS = "$(inherited)";
				INFOPLIST_FILE = RandomKit.xcodeproj/Threadly_Info.plist;
				LD_RUNPATH_SEARCH_PATHS = "$(inherited) $(TOOLCHAIN_DIR)/usr/lib/swift/macosx";
				OTHER_CFLAGS = "$(inherited)";
				OTHER_LDFLAGS = "$(inherited)";
				OTHER_SWIFT_FLAGS = "$(inherited)";
				PRODUCT_BUNDLE_IDENTIFIER = Threadly;
				PRODUCT_MODULE_NAME = "$(TARGET_NAME:c99extidentifier)";
				PRODUCT_NAME = "$(TARGET_NAME:c99extidentifier)";
				SKIP_INSTALL = YES;
				SWIFT_ACTIVE_COMPILATION_CONDITIONS = "$(inherited)";
				SWIFT_VERSION = 4.0;
				TARGET_NAME = Threadly;
			};
			name = Release;
		};
		OBJ_168 /* Debug */ = {
			isa = XCBuildConfiguration;
			buildSettings = {
				LD = /usr/bin/true;
				OTHER_SWIFT_FLAGS = "-swift-version 3 -I $(TOOLCHAIN_DIR)/usr/lib/swift/pm/3 -target x86_64-apple-macosx10.10 -sdk /Applications/Xcode.app/Contents/Developer/Platforms/MacOSX.platform/Developer/SDKs/MacOSX10.14.sdk";
				SWIFT_VERSION = 3.0;
			};
			name = Debug;
		};
		OBJ_169 /* Release */ = {
			isa = XCBuildConfiguration;
			buildSettings = {
				LD = /usr/bin/true;
				OTHER_SWIFT_FLAGS = "-swift-version 3 -I $(TOOLCHAIN_DIR)/usr/lib/swift/pm/3 -target x86_64-apple-macosx10.10 -sdk /Applications/Xcode.app/Contents/Developer/Platforms/MacOSX.platform/Developer/SDKs/MacOSX10.14.sdk";
				SWIFT_VERSION = 3.0;
			};
			name = Release;
		};
		OBJ_174 /* Debug */ = {
			isa = XCBuildConfiguration;
			buildSettings = {
				FRAMEWORK_SEARCH_PATHS = (
					"$(inherited)",
					"$(PLATFORM_DIR)/Developer/Library/Frameworks",
				);
				HEADER_SEARCH_PATHS = "$(inherited)";
				INFOPLIST_FILE = RandomKit.xcodeproj/benchmark_Info.plist;
				LD_RUNPATH_SEARCH_PATHS = "$(inherited) $(TOOLCHAIN_DIR)/usr/lib/swift/macosx @executable_path";
				OTHER_CFLAGS = "$(inherited)";
				OTHER_LDFLAGS = "$(inherited)";
				OTHER_SWIFT_FLAGS = "$(inherited)";
				SWIFT_ACTIVE_COMPILATION_CONDITIONS = "$(inherited)";
				SWIFT_FORCE_DYNAMIC_LINK_STDLIB = YES;
				SWIFT_FORCE_STATIC_LINK_STDLIB = NO;
				SWIFT_VERSION = 4.2;
				TARGET_NAME = benchmark;
			};
			name = Debug;
		};
		OBJ_175 /* Release */ = {
			isa = XCBuildConfiguration;
			buildSettings = {
				FRAMEWORK_SEARCH_PATHS = (
					"$(inherited)",
					"$(PLATFORM_DIR)/Developer/Library/Frameworks",
				);
				HEADER_SEARCH_PATHS = "$(inherited)";
				INFOPLIST_FILE = RandomKit.xcodeproj/benchmark_Info.plist;
				LD_RUNPATH_SEARCH_PATHS = "$(inherited) $(TOOLCHAIN_DIR)/usr/lib/swift/macosx @executable_path";
				OTHER_CFLAGS = "$(inherited)";
				OTHER_LDFLAGS = "$(inherited)";
				OTHER_SWIFT_FLAGS = "$(inherited)";
				SWIFT_ACTIVE_COMPILATION_CONDITIONS = "$(inherited)";
				SWIFT_FORCE_DYNAMIC_LINK_STDLIB = YES;
				SWIFT_FORCE_STATIC_LINK_STDLIB = NO;
				SWIFT_VERSION = 4.2;
				TARGET_NAME = benchmark;
			};
			name = Release;
		};
		OBJ_3 /* Debug */ = {
			isa = XCBuildConfiguration;
			buildSettings = {
				CLANG_ENABLE_OBJC_ARC = YES;
				CLANG_WARN_BLOCK_CAPTURE_AUTORELEASING = YES;
				CLANG_WARN_BOOL_CONVERSION = YES;
				CLANG_WARN_COMMA = YES;
				CLANG_WARN_CONSTANT_CONVERSION = YES;
				CLANG_WARN_DEPRECATED_OBJC_IMPLEMENTATIONS = YES;
				CLANG_WARN_EMPTY_BODY = YES;
				CLANG_WARN_ENUM_CONVERSION = YES;
				CLANG_WARN_INFINITE_RECURSION = YES;
				CLANG_WARN_INT_CONVERSION = YES;
				CLANG_WARN_NON_LITERAL_NULL_CONVERSION = YES;
				CLANG_WARN_OBJC_IMPLICIT_RETAIN_SELF = YES;
				CLANG_WARN_OBJC_LITERAL_CONVERSION = YES;
				CLANG_WARN_RANGE_LOOP_ANALYSIS = YES;
				CLANG_WARN_STRICT_PROTOTYPES = YES;
				CLANG_WARN_SUSPICIOUS_MOVE = YES;
				CLANG_WARN_UNREACHABLE_CODE = YES;
				CLANG_WARN__DUPLICATE_METHOD_MATCH = YES;
				COMBINE_HIDPI_IMAGES = YES;
				COPY_PHASE_STRIP = NO;
				DEBUG_INFORMATION_FORMAT = dwarf;
				DYLIB_INSTALL_NAME_BASE = "@rpath";
				ENABLE_NS_ASSERTIONS = YES;
				ENABLE_STRICT_OBJC_MSGSEND = YES;
				ENABLE_TESTABILITY = YES;
				GCC_NO_COMMON_BLOCKS = YES;
				GCC_OPTIMIZATION_LEVEL = 0;
				GCC_PREPROCESSOR_DEFINITIONS = (
					"DEBUG=1",
					"$(inherited)",
				);
				GCC_WARN_64_TO_32_BIT_CONVERSION = YES;
				GCC_WARN_ABOUT_RETURN_TYPE = YES;
				GCC_WARN_UNDECLARED_SELECTOR = YES;
				GCC_WARN_UNINITIALIZED_AUTOS = YES;
				GCC_WARN_UNUSED_FUNCTION = YES;
				GCC_WARN_UNUSED_VARIABLE = YES;
				MACOSX_DEPLOYMENT_TARGET = 10.10;
				ONLY_ACTIVE_ARCH = YES;
				OTHER_SWIFT_FLAGS = "-DXcode";
				PRODUCT_NAME = "$(TARGET_NAME)";
				SDKROOT = macosx;
				SUPPORTED_PLATFORMS = "macosx iphoneos iphonesimulator appletvos appletvsimulator watchos watchsimulator";
				SWIFT_ACTIVE_COMPILATION_CONDITIONS = "SWIFT_PACKAGE DEBUG";
				SWIFT_OPTIMIZATION_LEVEL = "-Onone";
				USE_HEADERMAP = NO;
			};
			name = Debug;
		};
		OBJ_4 /* Release */ = {
			isa = XCBuildConfiguration;
			buildSettings = {
				CLANG_ENABLE_OBJC_ARC = YES;
				CLANG_WARN_BLOCK_CAPTURE_AUTORELEASING = YES;
				CLANG_WARN_BOOL_CONVERSION = YES;
				CLANG_WARN_COMMA = YES;
				CLANG_WARN_CONSTANT_CONVERSION = YES;
				CLANG_WARN_DEPRECATED_OBJC_IMPLEMENTATIONS = YES;
				CLANG_WARN_EMPTY_BODY = YES;
				CLANG_WARN_ENUM_CONVERSION = YES;
				CLANG_WARN_INFINITE_RECURSION = YES;
				CLANG_WARN_INT_CONVERSION = YES;
				CLANG_WARN_NON_LITERAL_NULL_CONVERSION = YES;
				CLANG_WARN_OBJC_IMPLICIT_RETAIN_SELF = YES;
				CLANG_WARN_OBJC_LITERAL_CONVERSION = YES;
				CLANG_WARN_RANGE_LOOP_ANALYSIS = YES;
				CLANG_WARN_STRICT_PROTOTYPES = YES;
				CLANG_WARN_SUSPICIOUS_MOVE = YES;
				CLANG_WARN_UNREACHABLE_CODE = YES;
				CLANG_WARN__DUPLICATE_METHOD_MATCH = YES;
				COMBINE_HIDPI_IMAGES = YES;
				COPY_PHASE_STRIP = YES;
				DEBUG_INFORMATION_FORMAT = "dwarf-with-dsym";
				DYLIB_INSTALL_NAME_BASE = "@rpath";
				ENABLE_STRICT_OBJC_MSGSEND = YES;
				GCC_NO_COMMON_BLOCKS = YES;
				GCC_OPTIMIZATION_LEVEL = s;
				GCC_WARN_64_TO_32_BIT_CONVERSION = YES;
				GCC_WARN_ABOUT_RETURN_TYPE = YES;
				GCC_WARN_UNDECLARED_SELECTOR = YES;
				GCC_WARN_UNINITIALIZED_AUTOS = YES;
				GCC_WARN_UNUSED_FUNCTION = YES;
				GCC_WARN_UNUSED_VARIABLE = YES;
				MACOSX_DEPLOYMENT_TARGET = 10.10;
				OTHER_SWIFT_FLAGS = "-DXcode";
				PRODUCT_NAME = "$(TARGET_NAME)";
				SDKROOT = macosx;
				SUPPORTED_PLATFORMS = "macosx iphoneos iphonesimulator appletvos appletvsimulator watchos watchsimulator";
				SWIFT_ACTIVE_COMPILATION_CONDITIONS = SWIFT_PACKAGE;
				SWIFT_OPTIMIZATION_LEVEL = "-Owholemodule";
				USE_HEADERMAP = NO;
			};
			name = Release;
		};
		OBJ_92 /* Debug */ = {
			isa = XCBuildConfiguration;
			buildSettings = {
				ENABLE_TESTABILITY = YES;
				FRAMEWORK_SEARCH_PATHS = (
					"$(inherited)",
					"$(PLATFORM_DIR)/Developer/Library/Frameworks",
				);
				HEADER_SEARCH_PATHS = "$(inherited)";
				INFOPLIST_FILE = RandomKit.xcodeproj/RandomKit_Info.plist;
				LD_RUNPATH_SEARCH_PATHS = "$(inherited) $(TOOLCHAIN_DIR)/usr/lib/swift/macosx";
				OTHER_CFLAGS = "$(inherited)";
				OTHER_LDFLAGS = "$(inherited)";
				OTHER_SWIFT_FLAGS = "$(inherited)";
				PRODUCT_BUNDLE_IDENTIFIER = RandomKit;
				PRODUCT_MODULE_NAME = "$(TARGET_NAME:c99extidentifier)";
				PRODUCT_NAME = "$(TARGET_NAME:c99extidentifier)";
				SKIP_INSTALL = YES;
				SWIFT_ACTIVE_COMPILATION_CONDITIONS = "$(inherited)";
				SWIFT_VERSION = 4.2;
				TARGET_NAME = RandomKit;
			};
			name = Debug;
		};
		OBJ_93 /* Release */ = {
			isa = XCBuildConfiguration;
			buildSettings = {
				ENABLE_TESTABILITY = YES;
				FRAMEWORK_SEARCH_PATHS = (
					"$(inherited)",
					"$(PLATFORM_DIR)/Developer/Library/Frameworks",
				);
				HEADER_SEARCH_PATHS = "$(inherited)";
				INFOPLIST_FILE = RandomKit.xcodeproj/RandomKit_Info.plist;
				LD_RUNPATH_SEARCH_PATHS = "$(inherited) $(TOOLCHAIN_DIR)/usr/lib/swift/macosx";
				OTHER_CFLAGS = "$(inherited)";
				OTHER_LDFLAGS = "$(inherited)";
				OTHER_SWIFT_FLAGS = "$(inherited)";
				PRODUCT_BUNDLE_IDENTIFIER = RandomKit;
				PRODUCT_MODULE_NAME = "$(TARGET_NAME:c99extidentifier)";
				PRODUCT_NAME = "$(TARGET_NAME:c99extidentifier)";
				SKIP_INSTALL = YES;
				SWIFT_ACTIVE_COMPILATION_CONDITIONS = "$(inherited)";
				SWIFT_VERSION = 4.2;
				TARGET_NAME = RandomKit;
			};
			name = Release;
		};
/* End XCBuildConfiguration section */

/* Begin XCConfigurationList section */
		OBJ_154 /* Build configuration list for PBXNativeTarget "RandomKitPackageDescription" */ = {
			isa = XCConfigurationList;
			buildConfigurations = (
				OBJ_155 /* Debug */,
				OBJ_156 /* Release */,
			);
			defaultConfigurationIsVisible = 0;
			defaultConfigurationName = Release;
		};
		OBJ_159 /* Build configuration list for PBXNativeTarget "Threadly" */ = {
			isa = XCConfigurationList;
			buildConfigurations = (
				OBJ_160 /* Debug */,
				OBJ_161 /* Release */,
			);
			defaultConfigurationIsVisible = 0;
			defaultConfigurationName = Release;
		};
		OBJ_167 /* Build configuration list for PBXNativeTarget "ThreadlyPackageDescription" */ = {
			isa = XCConfigurationList;
			buildConfigurations = (
				OBJ_168 /* Debug */,
				OBJ_169 /* Release */,
			);
			defaultConfigurationIsVisible = 0;
			defaultConfigurationName = Release;
		};
		OBJ_173 /* Build configuration list for PBXNativeTarget "benchmark" */ = {
			isa = XCConfigurationList;
			buildConfigurations = (
				OBJ_174 /* Debug */,
				OBJ_175 /* Release */,
			);
			defaultConfigurationIsVisible = 0;
			defaultConfigurationName = Release;
		};
		OBJ_2 /* Build configuration list for PBXProject "RandomKit" */ = {
			isa = XCConfigurationList;
			buildConfigurations = (
				OBJ_3 /* Debug */,
				OBJ_4 /* Release */,
			);
			defaultConfigurationIsVisible = 0;
			defaultConfigurationName = Release;
		};
		OBJ_91 /* Build configuration list for PBXNativeTarget "RandomKit" */ = {
			isa = XCConfigurationList;
			buildConfigurations = (
				OBJ_92 /* Debug */,
				OBJ_93 /* Release */,
			);
			defaultConfigurationIsVisible = 0;
			defaultConfigurationName = Release;
		};
/* End XCConfigurationList section */
	};
	rootObject = OBJ_1 /* Project object */;
}
